// !$*UTF8*$!
{
	archiveVersion = 1;
	classes = {
	};
	objectVersion = 56;
	objects = {

/* Begin PBXBuildFile section */
		213F69B22A128836000BE6B0 /* LaunchScreen.storyboard in Resources */ = {isa = PBXBuildFile; fileRef = 213F69B02A128836000BE6B0 /* LaunchScreen.storyboard */; };
		6A86B87C45BB4693B26BC16C /* RoomAnalyzer.swift in Sources */ = {isa = PBXBuildFile; fileRef = FA98238F745C469C8D0DFFF1 /* RoomAnalyzer.swift */; };
		71B6638528D0CABC00635A15 /* UnsupportedDevice.storyboard in Resources */ = {isa = PBXBuildFile; fileRef = 71B6638328D0CABC00635A15 /* UnsupportedDevice.storyboard */; };
		9E8FD46BC00C4C19981BCB71 /* WiFiReportGenerator.swift in Sources */ = {isa = PBXBuildFile; fileRef = 872C4060B5C54006A6D91234 /* WiFiReportGenerator.swift */; };
		A4598A02FC9E4F74BB953215 /* FloorPlanViewController.swift in Sources */ = {isa = PBXBuildFile; fileRef = BD2AAACF95EE43A4AA8220E6 /* FloorPlanViewController.swift */; };
		ACEF94B12820AD2300776A9D /* AppDelegate.swift in Sources */ = {isa = PBXBuildFile; fileRef = ACEF94B02820AD2300776A9D /* AppDelegate.swift */; };
		ACEF94B32820AD2300776A9D /* SceneDelegate.swift in Sources */ = {isa = PBXBuildFile; fileRef = ACEF94B22820AD2300776A9D /* SceneDelegate.swift */; };
		ACEF94B52820AD2300776A9D /* RoomCaptureViewController.swift in Sources */ = {isa = PBXBuildFile; fileRef = ACEF94B42820AD2300776A9D /* RoomCaptureViewController.swift */; };
		ACEF94B82820AD2300776A9D /* Main.storyboard in Resources */ = {isa = PBXBuildFile; fileRef = ACEF94B62820AD2300776A9D /* Main.storyboard */; };
		ACEF94BA2820AD2400776A9D /* Assets.xcassets in Resources */ = {isa = PBXBuildFile; fileRef = ACEF94B92820AD2400776A9D /* Assets.xcassets */; };
		ACEF94C62820AF6600776A9D /* OnboardingViewController.swift in Sources */ = {isa = PBXBuildFile; fileRef = ACEF94C52820AF6600776A9D /* OnboardingViewController.swift */; };
		B60C4857AAB4429B919CBF85 /* WiFiSurveyManager.swift in Sources */ = {isa = PBXBuildFile; fileRef = 88DBB66906604175836B05AF /* WiFiSurveyManager.swift */; };
		C33000D823094C028CE2DDDF /* ARVisualizationManager.swift in Sources */ = {isa = PBXBuildFile; fileRef = 7E7EF368BF7C416A8F777AE1 /* ARVisualizationManager.swift */; };
		SPECTRUM001100220033044 /* SpectrumBranding.swift in Sources */ = {isa = PBXBuildFile; fileRef = SPECTRUM001100220033055 /* SpectrumBranding.swift */; };
		NETWORK001100220033044 /* NetworkDeviceManager.swift in Sources */ = {isa = PBXBuildFile; fileRef = NETWORK001100220033055 /* NetworkDeviceManager.swift */; };
		NETWORK001100220033045 /* NetworkDevice3DModels.swift in Sources */ = {isa = PBXBuildFile; fileRef = NETWORK001100220033056 /* NetworkDevice3DModels.swift */; };
/* End PBXBuildFile section */

/* Begin PBXFileReference section */
		05C7567A6B268FC70FFB0FCC /* README.md */ = {isa = PBXFileReference; lastKnownFileType = net.daringfireball.markdown; path = README.md; sourceTree = "<group>"; };
		213F69B12A128836000BE6B0 /* Base */ = {isa = PBXFileReference; lastKnownFileType = file.storyboard; name = Base; path = Base.lproj/LaunchScreen.storyboard; sourceTree = "<group>"; };
		35A95C3C90A8D7FA01AA694A /* SampleCode.xcconfig */ = {isa = PBXFileReference; lastKnownFileType = text.xcconfig; name = SampleCode.xcconfig; path = Configuration/SampleCode.xcconfig; sourceTree = "<group>"; };
		71B6638428D0CABC00635A15 /* Base */ = {isa = PBXFileReference; lastKnownFileType = file.storyboard; name = Base; path = Base.lproj/UnsupportedDevice.storyboard; sourceTree = "<group>"; };
		7E7EF368BF7C416A8F777AE1 /* ARVisualizationManager.swift */ = {isa = PBXFileReference; lastKnownFileType = sourcecode.swift; path = ARVisualizationManager.swift; sourceTree = "<group>"; };
		872C4060B5C54006A6D91234 /* WiFiReportGenerator.swift */ = {isa = PBXFileReference; lastKnownFileType = sourcecode.swift; path = WiFiReportGenerator.swift; sourceTree = "<group>"; };
		88DBB66906604175836B05AF /* WiFiSurveyManager.swift */ = {isa = PBXFileReference; lastKnownFileType = sourcecode.swift; path = WiFiSurveyManager.swift; sourceTree = "<group>"; };
		ACEF94AD2820AD2300776A9D /* RoomPlanSimple.app */ = {isa = PBXFileReference; explicitFileType = wrapper.application; includeInIndex = 0; path = RoomPlanSimple.app; sourceTree = BUILT_PRODUCTS_DIR; };
		ACEF94B02820AD2300776A9D /* AppDelegate.swift */ = {isa = PBXFileReference; lastKnownFileType = sourcecode.swift; path = AppDelegate.swift; sourceTree = "<group>"; };
		ACEF94B22820AD2300776A9D /* SceneDelegate.swift */ = {isa = PBXFileReference; lastKnownFileType = sourcecode.swift; path = SceneDelegate.swift; sourceTree = "<group>"; };
		ACEF94B42820AD2300776A9D /* RoomCaptureViewController.swift */ = {isa = PBXFileReference; lastKnownFileType = sourcecode.swift; path = RoomCaptureViewController.swift; sourceTree = "<group>"; };
		ACEF94B72820AD2300776A9D /* Base */ = {isa = PBXFileReference; lastKnownFileType = file.storyboard; name = Base; path = Base.lproj/Main.storyboard; sourceTree = "<group>"; };
		ACEF94B92820AD2400776A9D /* Assets.xcassets */ = {isa = PBXFileReference; lastKnownFileType = folder.assetcatalog; path = Assets.xcassets; sourceTree = "<group>"; };
		ACEF94BE2820AD2400776A9D /* Info.plist */ = {isa = PBXFileReference; lastKnownFileType = text.plist.xml; path = Info.plist; sourceTree = "<group>"; };
		ACEF94C52820AF6600776A9D /* OnboardingViewController.swift */ = {isa = PBXFileReference; fileEncoding = 4; lastKnownFileType = sourcecode.swift; path = OnboardingViewController.swift; sourceTree = "<group>"; };
		BD2AAACF95EE43A4AA8220E6 /* FloorPlanViewController.swift */ = {isa = PBXFileReference; lastKnownFileType = sourcecode.swift; path = FloorPlanViewController.swift; sourceTree = "<group>"; };
		CD4891E2C9F3F7012DE25B49 /* LICENSE.txt */ = {isa = PBXFileReference; includeInIndex = 1; lastKnownFileType = text; path = LICENSE.txt; sourceTree = "<group>"; };
		FA98238F745C469C8D0DFFF1 /* RoomAnalyzer.swift */ = {isa = PBXFileReference; lastKnownFileType = sourcecode.swift; path = RoomAnalyzer.swift; sourceTree = "<group>"; };
		SPECTRUM001100220033055 /* SpectrumBranding.swift */ = {isa = PBXFileReference; lastKnownFileType = sourcecode.swift; path = SpectrumBranding.swift; sourceTree = "<group>"; };
		NETWORK001100220033055 /* NetworkDeviceManager.swift */ = {isa = PBXFileReference; lastKnownFileType = sourcecode.swift; path = NetworkDeviceManager.swift; sourceTree = "<group>"; };
		NETWORK001100220033056 /* NetworkDevice3DModels.swift */ = {isa = PBXFileReference; lastKnownFileType = sourcecode.swift; path = NetworkDevice3DModels.swift; sourceTree = "<group>"; };
/* End PBXFileReference section */

/* Begin PBXFrameworksBuildPhase section */
		ACEF94AA2820AD2300776A9D /* Frameworks */ = {
			isa = PBXFrameworksBuildPhase;
			buildActionMask = 2147483647;
			files = (
			);
			runOnlyForDeploymentPostprocessing = 0;
		};
/* End PBXFrameworksBuildPhase section */

/* Begin PBXGroup section */
		0ED4ADFE8897242ABECFB073 /* Configuration */ = {
			isa = PBXGroup;
			children = (
				35A95C3C90A8D7FA01AA694A /* SampleCode.xcconfig */,
			);
			name = Configuration;
			sourceTree = "<group>";
		};
		ACEF94A42820AD2300776A9D = {
			isa = PBXGroup;
			children = (
				05C7567A6B268FC70FFB0FCC /* README.md */,
				ACEF94AF2820AD2300776A9D /* RoomPlanSimple */,
				ACEF94AE2820AD2300776A9D /* Products */,
				0ED4ADFE8897242ABECFB073 /* Configuration */,
				C4CB873CC14D1C6A55335C8A /* LICENSE */,
			);
			sourceTree = "<group>";
		};
		ACEF94AE2820AD2300776A9D /* Products */ = {
			isa = PBXGroup;
			children = (
				ACEF94AD2820AD2300776A9D /* RoomPlanSimple.app */,
			);
			name = Products;
			sourceTree = "<group>";
		};
		ACEF94AF2820AD2300776A9D /* RoomPlanSimple */ = {
			isa = PBXGroup;
			children = (
				ACEF94B02820AD2300776A9D /* AppDelegate.swift */,
				ACEF94B22820AD2300776A9D /* SceneDelegate.swift */,
				ACEF94C52820AF6600776A9D /* OnboardingViewController.swift */,
				ACEF94B42820AD2300776A9D /* RoomCaptureViewController.swift */,
				ACEF94B62820AD2300776A9D /* Main.storyboard */,
				71B6638328D0CABC00635A15 /* UnsupportedDevice.storyboard */,
				ACEF94B92820AD2400776A9D /* Assets.xcassets */,
				213F69B02A128836000BE6B0 /* LaunchScreen.storyboard */,
				ACEF94BE2820AD2400776A9D /* Info.plist */,
				7E7EF368BF7C416A8F777AE1 /* ARVisualizationManager.swift */,
				BD2AAACF95EE43A4AA8220E6 /* FloorPlanViewController.swift */,
				FA98238F745C469C8D0DFFF1 /* RoomAnalyzer.swift */,
				872C4060B5C54006A6D91234 /* WiFiReportGenerator.swift */,
				88DBB66906604175836B05AF /* WiFiSurveyManager.swift */,
				SPECTRUM001100220033055 /* SpectrumBranding.swift */,
				NETWORK001100220033055 /* NetworkDeviceManager.swift */,
				NETWORK001100220033056 /* NetworkDevice3DModels.swift */,
			);
			path = RoomPlanSimple;
			sourceTree = "<group>";
		};
		C4CB873CC14D1C6A55335C8A /* LICENSE */ = {
			isa = PBXGroup;
			children = (
				CD4891E2C9F3F7012DE25B49 /* LICENSE.txt */,
			);
			path = LICENSE;
			sourceTree = "<group>";
		};
/* End PBXGroup section */

/* Begin PBXNativeTarget section */
		ACEF94AC2820AD2300776A9D /* RoomPlanSimple */ = {
			isa = PBXNativeTarget;
			buildConfigurationList = ACEF94C12820AD2400776A9D /* Build configuration list for PBXNativeTarget "RoomPlanSimple" */;
			buildPhases = (
				ACEF94A92820AD2300776A9D /* Sources */,
				ACEF94AA2820AD2300776A9D /* Frameworks */,
				ACEF94AB2820AD2300776A9D /* Resources */,
			);
			buildRules = (
			);
			dependencies = (
			);
			name = RoomPlanSimple;
			productName = RoomPlanSimple;
			productReference = ACEF94AD2820AD2300776A9D /* RoomPlanSimple.app */;
			productType = "com.apple.product-type.application";
		};
/* End PBXNativeTarget section */

/* Begin PBXProject section */
		ACEF94A52820AD2300776A9D /* Project object */ = {
			isa = PBXProject;
			attributes = {
				BuildIndependentTargetsInParallel = 1;
				LastSwiftUpdateCheck = 1400;
				LastUpgradeCheck = 1640;
				ORGANIZATIONNAME = Apple;
				TargetAttributes = {
					ACEF94AC2820AD2300776A9D = {
						CreatedOnToolsVersion = 14.0;
					};
				};
			};
			buildConfigurationList = ACEF94A82820AD2300776A9D /* Build configuration list for PBXProject "RoomPlanSimple" */;
			compatibilityVersion = "Xcode 14.0";
			developmentRegion = en;
			hasScannedForEncodings = 0;
			knownRegions = (
				en,
				Base,
			);
			mainGroup = ACEF94A42820AD2300776A9D;
			productRefGroup = ACEF94AE2820AD2300776A9D /* Products */;
			projectDirPath = "";
			projectRoot = "";
			targets = (
				ACEF94AC2820AD2300776A9D /* RoomPlanSimple */,
			);
		};
/* End PBXProject section */

/* Begin PBXResourcesBuildPhase section */
		ACEF94AB2820AD2300776A9D /* Resources */ = {
			isa = PBXResourcesBuildPhase;
			buildActionMask = 2147483647;
			files = (
				71B6638528D0CABC00635A15 /* UnsupportedDevice.storyboard in Resources */,
				213F69B22A128836000BE6B0 /* LaunchScreen.storyboard in Resources */,
				ACEF94BA2820AD2400776A9D /* Assets.xcassets in Resources */,
				ACEF94B82820AD2300776A9D /* Main.storyboard in Resources */,
			);
			runOnlyForDeploymentPostprocessing = 0;
		};
/* End PBXResourcesBuildPhase section */

/* Begin PBXSourcesBuildPhase section */
		ACEF94A92820AD2300776A9D /* Sources */ = {
			isa = PBXSourcesBuildPhase;
			buildActionMask = 2147483647;
			files = (
				ACEF94B52820AD2300776A9D /* RoomCaptureViewController.swift in Sources */,
				ACEF94B12820AD2300776A9D /* AppDelegate.swift in Sources */,
				ACEF94B32820AD2300776A9D /* SceneDelegate.swift in Sources */,
				ACEF94C62820AF6600776A9D /* OnboardingViewController.swift in Sources */,
				C33000D823094C028CE2DDDF /* ARVisualizationManager.swift in Sources */,
				A4598A02FC9E4F74BB953215 /* FloorPlanViewController.swift in Sources */,
				6A86B87C45BB4693B26BC16C /* RoomAnalyzer.swift in Sources */,
				9E8FD46BC00C4C19981BCB71 /* WiFiReportGenerator.swift in Sources */,
				B60C4857AAB4429B919CBF85 /* WiFiSurveyManager.swift in Sources */,
				SPECTRUM001100220033044 /* SpectrumBranding.swift in Sources */,
				NETWORK001100220033044 /* NetworkDeviceManager.swift in Sources */,
				NETWORK001100220033045 /* NetworkDevice3DModels.swift in Sources */,
			);
			runOnlyForDeploymentPostprocessing = 0;
		};
/* End PBXSourcesBuildPhase section */

/* Begin PBXVariantGroup section */
		213F69B02A128836000BE6B0 /* LaunchScreen.storyboard */ = {
			isa = PBXVariantGroup;
			children = (
				213F69B12A128836000BE6B0 /* Base */,
			);
			name = LaunchScreen.storyboard;
			sourceTree = "<group>";
		};
		71B6638328D0CABC00635A15 /* UnsupportedDevice.storyboard */ = {
			isa = PBXVariantGroup;
			children = (
				71B6638428D0CABC00635A15 /* Base */,
			);
			name = UnsupportedDevice.storyboard;
			sourceTree = "<group>";
		};
		ACEF94B62820AD2300776A9D /* Main.storyboard */ = {
			isa = PBXVariantGroup;
			children = (
				ACEF94B72820AD2300776A9D /* Base */,
			);
			name = Main.storyboard;
			sourceTree = "<group>";
		};
/* End PBXVariantGroup section */

/* Begin XCBuildConfiguration section */
		ACEF94BF2820AD2400776A9D /* Debug */ = {
			isa = XCBuildConfiguration;
			buildSettings = {
				ALWAYS_SEARCH_USER_PATHS = NO;
				CLANG_ANALYZER_NONNULL = YES;
				CLANG_ANALYZER_NUMBER_OBJECT_CONVERSION = YES_AGGRESSIVE;
				CLANG_CXX_LANGUAGE_STANDARD = "gnu++17";
				CLANG_ENABLE_MODULES = YES;
				CLANG_ENABLE_OBJC_ARC = YES;
				CLANG_ENABLE_OBJC_WEAK = YES;
				CLANG_WARN_BLOCK_CAPTURE_AUTORELEASING = YES;
				CLANG_WARN_BOOL_CONVERSION = YES;
				CLANG_WARN_COMMA = YES;
				CLANG_WARN_CONSTANT_CONVERSION = YES;
				CLANG_WARN_DEPRECATED_OBJC_IMPLEMENTATIONS = YES;
				CLANG_WARN_DIRECT_OBJC_ISA_USAGE = YES_ERROR;
				CLANG_WARN_DOCUMENTATION_COMMENTS = YES;
				CLANG_WARN_EMPTY_BODY = YES;
				CLANG_WARN_ENUM_CONVERSION = YES;
				CLANG_WARN_INFINITE_RECURSION = YES;
				CLANG_WARN_INT_CONVERSION = YES;
				CLANG_WARN_NON_LITERAL_NULL_CONVERSION = YES;
				CLANG_WARN_OBJC_IMPLICIT_RETAIN_SELF = YES;
				CLANG_WARN_OBJC_LITERAL_CONVERSION = YES;
				CLANG_WARN_OBJC_ROOT_CLASS = YES_ERROR;
				CLANG_WARN_QUOTED_INCLUDE_IN_FRAMEWORK_HEADER = YES;
				CLANG_WARN_RANGE_LOOP_ANALYSIS = YES;
				CLANG_WARN_STRICT_PROTOTYPES = YES;
				CLANG_WARN_SUSPICIOUS_MOVE = YES;
				CLANG_WARN_UNGUARDED_AVAILABILITY = YES_AGGRESSIVE;
				CLANG_WARN_UNREACHABLE_CODE = YES;
				CLANG_WARN__DUPLICATE_METHOD_MATCH = YES;
				COPY_PHASE_STRIP = NO;
				DEBUG_INFORMATION_FORMAT = dwarf;
				DEVELOPMENT_TEAM = M7Z4VLP3A9;
				ENABLE_STRICT_OBJC_MSGSEND = YES;
				ENABLE_TESTABILITY = YES;
				ENABLE_USER_SCRIPT_SANDBOXING = YES;
				GCC_C_LANGUAGE_STANDARD = gnu11;
				GCC_DYNAMIC_NO_PIC = NO;
				GCC_NO_COMMON_BLOCKS = YES;
				GCC_OPTIMIZATION_LEVEL = 0;
				GCC_PREPROCESSOR_DEFINITIONS = (
					"DEBUG=1",
					"$(inherited)",
				);
				GCC_WARN_64_TO_32_BIT_CONVERSION = YES;
				GCC_WARN_ABOUT_RETURN_TYPE = YES_ERROR;
				GCC_WARN_UNDECLARED_SELECTOR = YES;
				GCC_WARN_UNINITIALIZED_AUTOS = YES_AGGRESSIVE;
				GCC_WARN_UNUSED_FUNCTION = YES;
				GCC_WARN_UNUSED_VARIABLE = YES;
				INFOPLIST_KEY_NSCameraUsageDescription = "";
				IPHONEOS_DEPLOYMENT_TARGET = 17.0;
				MTL_ENABLE_DEBUG_INFO = INCLUDE_SOURCE;
				MTL_FAST_MATH = YES;
				ONLY_ACTIVE_ARCH = YES;
				SDKROOT = iphoneos;
				SWIFT_ACTIVE_COMPILATION_CONDITIONS = DEBUG;
				SWIFT_OPTIMIZATION_LEVEL = "-Onone";
			};
			name = Debug;
		};
		ACEF94C02820AD2400776A9D /* Release */ = {
			isa = XCBuildConfiguration;
			buildSettings = {
				ALWAYS_SEARCH_USER_PATHS = NO;
				CLANG_ANALYZER_NONNULL = YES;
				CLANG_ANALYZER_NUMBER_OBJECT_CONVERSION = YES_AGGRESSIVE;
				CLANG_CXX_LANGUAGE_STANDARD = "gnu++17";
				CLANG_ENABLE_MODULES = YES;
				CLANG_ENABLE_OBJC_ARC = YES;
				CLANG_ENABLE_OBJC_WEAK = YES;
				CLANG_WARN_BLOCK_CAPTURE_AUTORELEASING = YES;
				CLANG_WARN_BOOL_CONVERSION = YES;
				CLANG_WARN_COMMA = YES;
				CLANG_WARN_CONSTANT_CONVERSION = YES;
				CLANG_WARN_DEPRECATED_OBJC_IMPLEMENTATIONS = YES;
				CLANG_WARN_DIRECT_OBJC_ISA_USAGE = YES_ERROR;
				CLANG_WARN_DOCUMENTATION_COMMENTS = YES;
				CLANG_WARN_EMPTY_BODY = YES;
				CLANG_WARN_ENUM_CONVERSION = YES;
				CLANG_WARN_INFINITE_RECURSION = YES;
				CLANG_WARN_INT_CONVERSION = YES;
				CLANG_WARN_NON_LITERAL_NULL_CONVERSION = YES;
				CLANG_WARN_OBJC_IMPLICIT_RETAIN_SELF = YES;
				CLANG_WARN_OBJC_LITERAL_CONVERSION = YES;
				CLANG_WARN_OBJC_ROOT_CLASS = YES_ERROR;
				CLANG_WARN_QUOTED_INCLUDE_IN_FRAMEWORK_HEADER = YES;
				CLANG_WARN_RANGE_LOOP_ANALYSIS = YES;
				CLANG_WARN_STRICT_PROTOTYPES = YES;
				CLANG_WARN_SUSPICIOUS_MOVE = YES;
				CLANG_WARN_UNGUARDED_AVAILABILITY = YES_AGGRESSIVE;
				CLANG_WARN_UNREACHABLE_CODE = YES;
				CLANG_WARN__DUPLICATE_METHOD_MATCH = YES;
				COPY_PHASE_STRIP = NO;
				DEBUG_INFORMATION_FORMAT = "dwarf-with-dsym";
				DEVELOPMENT_TEAM = M7Z4VLP3A9;
				ENABLE_NS_ASSERTIONS = NO;
				ENABLE_STRICT_OBJC_MSGSEND = YES;
				ENABLE_USER_SCRIPT_SANDBOXING = YES;
				GCC_C_LANGUAGE_STANDARD = gnu11;
				GCC_NO_COMMON_BLOCKS = YES;
				GCC_WARN_64_TO_32_BIT_CONVERSION = YES;
				GCC_WARN_ABOUT_RETURN_TYPE = YES_ERROR;
				GCC_WARN_UNDECLARED_SELECTOR = YES;
				GCC_WARN_UNINITIALIZED_AUTOS = YES_AGGRESSIVE;
				GCC_WARN_UNUSED_FUNCTION = YES;
				GCC_WARN_UNUSED_VARIABLE = YES;
				INFOPLIST_KEY_NSCameraUsageDescription = "";
				IPHONEOS_DEPLOYMENT_TARGET = 17.0;
				MTL_ENABLE_DEBUG_INFO = NO;
				MTL_FAST_MATH = YES;
				SDKROOT = iphoneos;
				SWIFT_COMPILATION_MODE = wholemodule;
				SWIFT_OPTIMIZATION_LEVEL = "-O";
				VALIDATE_PRODUCT = YES;
			};
			name = Release;
		};
		ACEF94C22820AD2400776A9D /* Debug */ = {
			isa = XCBuildConfiguration;
			buildSettings = {
				ASSETCATALOG_COMPILER_APPICON_NAME = AppIcon;
				ASSETCATALOG_COMPILER_GLOBAL_ACCENT_COLOR_NAME = AccentColor;
				CODE_SIGN_IDENTITY = "iPhone Developer";
				CODE_SIGN_STYLE = Automatic;
				CURRENT_PROJECT_VERSION = 1;
				GENERATE_INFOPLIST_FILE = YES;
				INFOPLIST_FILE = RoomPlanSimple/Info.plist;
				INFOPLIST_KEY_LSApplicationCategoryType = "public.app-category.productivity";
				INFOPLIST_KEY_NSCameraUsageDescription = "This app requires access to your camera to use the LiDAR scanner. This is used to create a model of your room for planning purposes. Your camera images and LiDAR data are only used for this purpose and are not stored or shared.";
				INFOPLIST_KEY_NSLocalNetworkUsageDescription = "Network access is required to analyze WiFi performance and conduct speed tests for coverage optimization.";
				INFOPLIST_KEY_NSLocationWhenInUseUsageDescription = "Location access is used to enhance WiFi network analysis and provide more accurate coverage mapping.";
				INFOPLIST_KEY_UIApplicationSupportsIndirectInputEvents = YES;
				INFOPLIST_KEY_UIMainStoryboardFile = Main;
				INFOPLIST_KEY_UISupportedInterfaceOrientations_iPad = "UIInterfaceOrientationPortrait UIInterfaceOrientationPortraitUpsideDown UIInterfaceOrientationLandscapeLeft UIInterfaceOrientationLandscapeRight";
				INFOPLIST_KEY_UISupportedInterfaceOrientations_iPhone = "UIInterfaceOrientationPortrait UIInterfaceOrientationLandscapeLeft UIInterfaceOrientationLandscapeRight";
				LD_RUNPATH_SEARCH_PATHS = (
					"$(inherited)",
					"@executable_path/Frameworks",
				);
				MARKETING_VERSION = 1.0;
				PRODUCT_BUNDLE_IDENTIFIER = interspectrum.erdman.app;
				PRODUCT_NAME = "$(TARGET_NAME)";
				PROVISIONING_PROFILE_SPECIFIER = "";
				SDKROOT = iphoneos;
				SWIFT_EMIT_LOC_STRINGS = YES;
				SWIFT_VERSION = 5.0;
				TARGETED_DEVICE_FAMILY = "1,2";
			};
			name = Debug;
		};
		ACEF94C32820AD2400776A9D /* Release */ = {
			isa = XCBuildConfiguration;
			buildSettings = {
				ASSETCATALOG_COMPILER_APPICON_NAME = AppIcon;
				ASSETCATALOG_COMPILER_GLOBAL_ACCENT_COLOR_NAME = AccentColor;
				CODE_SIGN_IDENTITY = "iPhone Developer";
				CODE_SIGN_STYLE = Automatic;
				CURRENT_PROJECT_VERSION = 1;
				GENERATE_INFOPLIST_FILE = YES;
				INFOPLIST_FILE = RoomPlanSimple/Info.plist;
				INFOPLIST_KEY_LSApplicationCategoryType = "public.app-category.productivity";
				INFOPLIST_KEY_NSCameraUsageDescription = "This app requires access to your camera to use the LiDAR scanner. This is used to create a model of your room for planning purposes. Your camera images and LiDAR data are only used for this purpose and are not stored or shared.";
				INFOPLIST_KEY_NSLocalNetworkUsageDescription = "Network access is required to analyze WiFi performance and conduct speed tests for coverage optimization.";
				INFOPLIST_KEY_NSLocationWhenInUseUsageDescription = "Location access is used to enhance WiFi network analysis and provide more accurate coverage mapping.";
				INFOPLIST_KEY_UIApplicationSupportsIndirectInputEvents = YES;
				INFOPLIST_KEY_UIMainStoryboardFile = Main;
				INFOPLIST_KEY_UISupportedInterfaceOrientations_iPad = "UIInterfaceOrientationPortrait UIInterfaceOrientationPortraitUpsideDown UIInterfaceOrientationLandscapeLeft UIInterfaceOrientationLandscapeRight";
				INFOPLIST_KEY_UISupportedInterfaceOrientations_iPhone = "UIInterfaceOrientationPortrait UIInterfaceOrientationLandscapeLeft UIInterfaceOrientationLandscapeRight";
				LD_RUNPATH_SEARCH_PATHS = (
					"$(inherited)",
					"@executable_path/Frameworks",
				);
				MARKETING_VERSION = 1.0;
				PRODUCT_BUNDLE_IDENTIFIER = interspectrum.erdman.app;
				PRODUCT_NAME = "$(TARGET_NAME)";
				PROVISIONING_PROFILE_SPECIFIER = "";
				SDKROOT = iphoneos;
				SWIFT_EMIT_LOC_STRINGS = YES;
				SWIFT_VERSION = 5.0;
				TARGETED_DEVICE_FAMILY = "1,2";
			};
			name = Release;
		};
/* End XCBuildConfiguration section */

/* Begin XCConfigurationList section */
		ACEF94A82820AD2300776A9D /* Build configuration list for PBXProject "RoomPlanSimple" */ = {
			isa = XCConfigurationList;
			buildConfigurations = (
				ACEF94BF2820AD2400776A9D /* Debug */,
				ACEF94C02820AD2400776A9D /* Release */,
			);
			defaultConfigurationIsVisible = 0;
			defaultConfigurationName = Release;
		};
		ACEF94C12820AD2400776A9D /* Build configuration list for PBXNativeTarget "RoomPlanSimple" */ = {
			isa = XCConfigurationList;
			buildConfigurations = (
				ACEF94C22820AD2400776A9D /* Debug */,
				ACEF94C32820AD2400776A9D /* Release */,
			);
			defaultConfigurationIsVisible = 0;
			defaultConfigurationName = Release;
		};
/* End XCConfigurationList section */
	};
	rootObject = ACEF94A52820AD2300776A9D /* Project object */;
}
